
Microsoft Visual Studio Solution File, Format Version 12.00
# Visual Studio 15
Project("{FAE04EC0-301F-11D3-BF4B-00C04F79EFBC}") = "Assembly-CSharp-firstpass", "Assembly-CSharp-firstpass.csproj", "{1C09FE4D-6007-54F2-E97E-276E345F0818}"
EndProject
Project("{FAE04EC0-301F-11D3-BF4B-00C04F79EFBC}") = "Assembly-CSharp", "Assembly-CSharp.csproj", "{690DCBD0-1B48-436B-5614-6E4311BF4E1D}"
EndProject
Project("{FAE04EC0-301F-11D3-BF4B-00C04F79EFBC}") = "Assembly-CSharp-Editor", "Assembly-CSharp-Editor.csproj", "{2C00521E-71E6-1A38-E933-3DEAEC37F15A}"
EndProject
Global
	GlobalSection(SolutionConfigurationPlatforms) = preSolution
		Debug|Any CPU = Debug|Any CPU
		Release|Any CPU = Release|Any CPU
	EndGlobalSection
	GlobalSection(ProjectConfigurationPlatforms) = postSolution
		{1C09FE4D-6007-54F2-E97E-276E345F0818}.Debug|Any CPU.ActiveCfg = Debug|Any CPU
		{1C09FE4D-6007-54F2-E97E-276E345F0818}.Debug|Any CPU.Build.0 = Debug|Any CPU
		{1C09FE4D-6007-54F2-E97E-276E345F0818}.Release|Any CPU.ActiveCfg = Release|Any CPU
		{1C09FE4D-6007-54F2-E97E-276E345F0818}.Release|Any CPU.Build.0 = Release|Any CPU
		{690DCBD0-1B48-436B-5614-6E4311BF4E1D}.Debug|Any CPU.ActiveCfg = Debug|Any CPU
		{690DCBD0-1B48-436B-5614-6E4311BF4E1D}.Debug|Any CPU.Build.0 = Debug|Any CPU
		{690DCBD0-1B48-436B-5614-6E4311BF4E1D}.Release|Any CPU.ActiveCfg = Release|Any CPU
		{690DCBD0-1B48-436B-5614-6E4311BF4E1D}.Release|Any CPU.Build.0 = Release|Any CPU
		{2C00521E-71E6-1A38-E933-3DEAEC37F15A}.Debug|Any CPU.ActiveCfg = Debug|Any CPU
		{2C00521E-71E6-1A38-E933-3DEAEC37F15A}.Debug|Any CPU.Build.0 = Debug|Any CPU
		{2C00521E-71E6-1A38-E933-3DEAEC37F15A}.Release|Any CPU.ActiveCfg = Release|Any CPU
		{2C00521E-71E6-1A38-E933-3DEAEC37F15A}.Release|Any CPU.Build.0 = Release|Any CPU
	EndGlobalSection
	GlobalSection(SolutionProperties) = preSolution
		HideSolutionNode = FALSE
	EndGlobalSection
EndGlobal
